// !$*UTF8*$!
{
	archiveVersion = 1;
	classes = {
	};
	objectVersion = 50;
	objects = {

/* Begin PBXBuildFile section */
		1DE13A2E26CB2A3E00B4DDBD /* Configuration.swift in Sources */ = {isa = PBXBuildFile; fileRef = 1DE13A2D26CB2A3E00B4DDBD /* Configuration.swift */; };
		1DE13A3326CB44C500B4DDBD /* Extensions.swift in Sources */ = {isa = PBXBuildFile; fileRef = 1DE13A3226CB44C500B4DDBD /* Extensions.swift */; };
		1DF1FD1726B22ECF0003AF16 /* AppDelegate.swift in Sources */ = {isa = PBXBuildFile; fileRef = 1DF1FD1626B22ECF0003AF16 /* AppDelegate.swift */; };
		1DF1FD1926B22ECF0003AF16 /* SceneDelegate.swift in Sources */ = {isa = PBXBuildFile; fileRef = 1DF1FD1826B22ECF0003AF16 /* SceneDelegate.swift */; };
		1DF1FD1E26B22ECF0003AF16 /* Main.storyboard in Resources */ = {isa = PBXBuildFile; fileRef = 1DF1FD1C26B22ECF0003AF16 /* Main.storyboard */; };
		1DF1FD2026B22ED00003AF16 /* Assets.xcassets in Resources */ = {isa = PBXBuildFile; fileRef = 1DF1FD1F26B22ED00003AF16 /* Assets.xcassets */; };
		1DF1FD2326B22ED00003AF16 /* LaunchScreen.storyboard in Resources */ = {isa = PBXBuildFile; fileRef = 1DF1FD2126B22ED00003AF16 /* LaunchScreen.storyboard */; };
		1DF1FD2C26B236FA0003AF16 /* Movie.swift in Sources */ = {isa = PBXBuildFile; fileRef = 1DF1FD2B26B236FA0003AF16 /* Movie.swift */; };
		1DF1FD2F26B3076A0003AF16 /* ServiceAPI.swift in Sources */ = {isa = PBXBuildFile; fileRef = 1DF1FD2E26B3076A0003AF16 /* ServiceAPI.swift */; };
		1DF1FD3226B30EA20003AF16 /* MovieViewController.swift in Sources */ = {isa = PBXBuildFile; fileRef = 1DF1FD3126B30EA20003AF16 /* MovieViewController.swift */; };
		1DF1FD3526B3165C0003AF16 /* MovieTableViewCell.swift in Sources */ = {isa = PBXBuildFile; fileRef = 1DF1FD3426B3165C0003AF16 /* MovieTableViewCell.swift */; };
		D74A36DC26CC4DB900235A57 /* DetailsViewController.swift in Sources */ = {isa = PBXBuildFile; fileRef = D74A36DB26CC4DB900235A57 /* DetailsViewController.swift */; };
/* End PBXBuildFile section */

/* Begin PBXFileReference section */
		1DE13A2D26CB2A3E00B4DDBD /* Configuration.swift */ = {isa = PBXFileReference; lastKnownFileType = sourcecode.swift; path = Configuration.swift; sourceTree = "<group>"; };
		1DE13A3226CB44C500B4DDBD /* Extensions.swift */ = {isa = PBXFileReference; fileEncoding = 4; lastKnownFileType = sourcecode.swift; path = Extensions.swift; sourceTree = "<group>"; };
		1DF1FD1326B22ECF0003AF16 /* moviedemo.app */ = {isa = PBXFileReference; explicitFileType = wrapper.application; includeInIndex = 0; path = moviedemo.app; sourceTree = BUILT_PRODUCTS_DIR; };
		1DF1FD1626B22ECF0003AF16 /* AppDelegate.swift */ = {isa = PBXFileReference; lastKnownFileType = sourcecode.swift; path = AppDelegate.swift; sourceTree = "<group>"; };
		1DF1FD1826B22ECF0003AF16 /* SceneDelegate.swift */ = {isa = PBXFileReference; lastKnownFileType = sourcecode.swift; path = SceneDelegate.swift; sourceTree = "<group>"; };
		1DF1FD1D26B22ECF0003AF16 /* Base */ = {isa = PBXFileReference; lastKnownFileType = file.storyboard; name = Base; path = Base.lproj/Main.storyboard; sourceTree = "<group>"; };
		1DF1FD1F26B22ED00003AF16 /* Assets.xcassets */ = {isa = PBXFileReference; lastKnownFileType = folder.assetcatalog; path = Assets.xcassets; sourceTree = "<group>"; };
		1DF1FD2226B22ED00003AF16 /* Base */ = {isa = PBXFileReference; lastKnownFileType = file.storyboard; name = Base; path = Base.lproj/LaunchScreen.storyboard; sourceTree = "<group>"; };
		1DF1FD2426B22ED00003AF16 /* Info.plist */ = {isa = PBXFileReference; lastKnownFileType = text.plist.xml; path = Info.plist; sourceTree = "<group>"; };
		1DF1FD2B26B236FA0003AF16 /* Movie.swift */ = {isa = PBXFileReference; lastKnownFileType = sourcecode.swift; path = Movie.swift; sourceTree = "<group>"; };
		1DF1FD2E26B3076A0003AF16 /* ServiceAPI.swift */ = {isa = PBXFileReference; lastKnownFileType = sourcecode.swift; path = ServiceAPI.swift; sourceTree = "<group>"; };
		1DF1FD3126B30EA20003AF16 /* MovieViewController.swift */ = {isa = PBXFileReference; lastKnownFileType = sourcecode.swift; path = MovieViewController.swift; sourceTree = "<group>"; };
		1DF1FD3426B3165C0003AF16 /* MovieTableViewCell.swift */ = {isa = PBXFileReference; lastKnownFileType = sourcecode.swift; path = MovieTableViewCell.swift; sourceTree = "<group>"; };
		D74A36DB26CC4DB900235A57 /* DetailsViewController.swift */ = {isa = PBXFileReference; lastKnownFileType = sourcecode.swift; path = DetailsViewController.swift; sourceTree = "<group>"; };
/* End PBXFileReference section */

/* Begin PBXFrameworksBuildPhase section */
		1DF1FD1026B22ECF0003AF16 /* Frameworks */ = {
			isa = PBXFrameworksBuildPhase;
			buildActionMask = 2147483647;
			files = (
			);
			runOnlyForDeploymentPostprocessing = 0;
		};
/* End PBXFrameworksBuildPhase section */

/* Begin PBXGroup section */
		1DE13A3126CB449D00B4DDBD /* Helper */ = {
			isa = PBXGroup;
			children = (
				1DE13A3226CB44C500B4DDBD /* Extensions.swift */,
			);
			path = Helper;
			sourceTree = "<group>";
		};
		1DF1FD0A26B22ECF0003AF16 = {
			isa = PBXGroup;
			children = (
				1DF1FD1526B22ECF0003AF16 /* moviedemo */,
				1DF1FD1426B22ECF0003AF16 /* Products */,
			);
			sourceTree = "<group>";
		};
		1DF1FD1426B22ECF0003AF16 /* Products */ = {
			isa = PBXGroup;
			children = (
				1DF1FD1326B22ECF0003AF16 /* moviedemo.app */,
			);
			name = Products;
			sourceTree = "<group>";
		};
		1DF1FD1526B22ECF0003AF16 /* moviedemo */ = {
			isa = PBXGroup;
			children = (
				1DE13A3126CB449D00B4DDBD /* Helper */,
				1DF1FD3326B316390003AF16 /* Cells */,
				1DF1FD3026B30E840003AF16 /* ViewControllers */,
				1DF1FD2D26B3074D0003AF16 /* Service */,
				1DF1FD2A26B236DE0003AF16 /* Model */,
				1DF1FD1626B22ECF0003AF16 /* AppDelegate.swift */,
				1DF1FD1826B22ECF0003AF16 /* SceneDelegate.swift */,
				1DF1FD1C26B22ECF0003AF16 /* Main.storyboard */,
				1DF1FD1F26B22ED00003AF16 /* Assets.xcassets */,
				1DF1FD2126B22ED00003AF16 /* LaunchScreen.storyboard */,
				1DF1FD2426B22ED00003AF16 /* Info.plist */,
			);
			path = moviedemo;
			sourceTree = "<group>";
		};
		1DF1FD2A26B236DE0003AF16 /* Model */ = {
			isa = PBXGroup;
			children = (
				1DF1FD2B26B236FA0003AF16 /* Movie.swift */,
				1DE13A2D26CB2A3E00B4DDBD /* Configuration.swift */,
			);
			path = Model;
			sourceTree = "<group>";
		};
		1DF1FD2D26B3074D0003AF16 /* Service */ = {
			isa = PBXGroup;
			children = (
				1DF1FD2E26B3076A0003AF16 /* ServiceAPI.swift */,
			);
			path = Service;
			sourceTree = "<group>";
		};
		1DF1FD3026B30E840003AF16 /* ViewControllers */ = {
			isa = PBXGroup;
			children = (
				1DF1FD3126B30EA20003AF16 /* MovieViewController.swift */,
				D74A36DB26CC4DB900235A57 /* DetailsViewController.swift */,
			);
			path = ViewControllers;
			sourceTree = "<group>";
		};
		1DF1FD3326B316390003AF16 /* Cells */ = {
			isa = PBXGroup;
			children = (
				1DF1FD3426B3165C0003AF16 /* MovieTableViewCell.swift */,
			);
			path = Cells;
			sourceTree = "<group>";
		};
/* End PBXGroup section */

/* Begin PBXNativeTarget section */
		1DF1FD1226B22ECF0003AF16 /* moviedemo */ = {
			isa = PBXNativeTarget;
			buildConfigurationList = 1DF1FD2726B22ED00003AF16 /* Build configuration list for PBXNativeTarget "moviedemo" */;
			buildPhases = (
				1DF1FD0F26B22ECF0003AF16 /* Sources */,
				1DF1FD1026B22ECF0003AF16 /* Frameworks */,
				1DF1FD1126B22ECF0003AF16 /* Resources */,
			);
			buildRules = (
			);
			dependencies = (
			);
			name = moviedemo;
			productName = moviedemo;
			productReference = 1DF1FD1326B22ECF0003AF16 /* moviedemo.app */;
			productType = "com.apple.product-type.application";
		};
/* End PBXNativeTarget section */

/* Begin PBXProject section */
		1DF1FD0B26B22ECF0003AF16 /* Project object */ = {
			isa = PBXProject;
			attributes = {
				LastSwiftUpdateCheck = 1250;
				LastUpgradeCheck = 1250;
				TargetAttributes = {
					1DF1FD1226B22ECF0003AF16 = {
						CreatedOnToolsVersion = 12.5.1;
					};
				};
			};
			buildConfigurationList = 1DF1FD0E26B22ECF0003AF16 /* Build configuration list for PBXProject "moviedemo" */;
			compatibilityVersion = "Xcode 9.3";
			developmentRegion = en;
			hasScannedForEncodings = 0;
			knownRegions = (
				en,
				Base,
			);
			mainGroup = 1DF1FD0A26B22ECF0003AF16;
			productRefGroup = 1DF1FD1426B22ECF0003AF16 /* Products */;
			projectDirPath = "";
			projectRoot = "";
			targets = (
				1DF1FD1226B22ECF0003AF16 /* moviedemo */,
			);
		};
/* End PBXProject section */

/* Begin PBXResourcesBuildPhase section */
		1DF1FD1126B22ECF0003AF16 /* Resources */ = {
			isa = PBXResourcesBuildPhase;
			buildActionMask = 2147483647;
			files = (
				1DF1FD2326B22ED00003AF16 /* LaunchScreen.storyboard in Resources */,
				1DF1FD2026B22ED00003AF16 /* Assets.xcassets in Resources */,
				1DF1FD1E26B22ECF0003AF16 /* Main.storyboard in Resources */,
			);
			runOnlyForDeploymentPostprocessing = 0;
		};
/* End PBXResourcesBuildPhase section */

/* Begin PBXSourcesBuildPhase section */
		1DF1FD0F26B22ECF0003AF16 /* Sources */ = {
			isa = PBXSourcesBuildPhase;
			buildActionMask = 2147483647;
			files = (
				1DF1FD2F26B3076A0003AF16 /* ServiceAPI.swift in Sources */,
				1DF1FD1726B22ECF0003AF16 /* AppDelegate.swift in Sources */,
				1DE13A2E26CB2A3E00B4DDBD /* Configuration.swift in Sources */,
				1DE13A3326CB44C500B4DDBD /* Extensions.swift in Sources */,
				1DF1FD3526B3165C0003AF16 /* MovieTableViewCell.swift in Sources */,
				1DF1FD2C26B236FA0003AF16 /* Movie.swift in Sources */,
				1DF1FD1926B22ECF0003AF16 /* SceneDelegate.swift in Sources */,
				1DF1FD3226B30EA20003AF16 /* MovieViewController.swift in Sources */,
				D74A36DC26CC4DB900235A57 /* DetailsViewController.swift in Sources */,
			);
			runOnlyForDeploymentPostprocessing = 0;
		};
/* End PBXSourcesBuildPhase section */

/* Begin PBXVariantGroup section */
		1DF1FD1C26B22ECF0003AF16 /* Main.storyboard */ = {
			isa = PBXVariantGroup;
			children = (
				1DF1FD1D26B22ECF0003AF16 /* Base */,
			);
			name = Main.storyboard;
			sourceTree = "<group>";
		};
		1DF1FD2126B22ED00003AF16 /* LaunchScreen.storyboard */ = {
			isa = PBXVariantGroup;
			children = (
				1DF1FD2226B22ED00003AF16 /* Base */,
			);
			name = LaunchScreen.storyboard;
			sourceTree = "<group>";
		};
/* End PBXVariantGroup section */

/* Begin XCBuildConfiguration section */
		1DF1FD2526B22ED00003AF16 /* Debug */ = {
			isa = XCBuildConfiguration;
			buildSettings = {
				ALWAYS_SEARCH_USER_PATHS = NO;
				CLANG_ANALYZER_NONNULL = YES;
				CLANG_ANALYZER_NUMBER_OBJECT_CONVERSION = YES_AGGRESSIVE;
				CLANG_CXX_LANGUAGE_STANDARD = "gnu++14";
				CLANG_CXX_LIBRARY = "libc++";
				CLANG_ENABLE_MODULES = YES;
				CLANG_ENABLE_OBJC_ARC = YES;
				CLANG_ENABLE_OBJC_WEAK = YES;
				CLANG_WARN_BLOCK_CAPTURE_AUTORELEASING = YES;
				CLANG_WARN_BOOL_CONVERSION = YES;
				CLANG_WARN_COMMA = YES;
				CLANG_WARN_CONSTANT_CONVERSION = YES;
				CLANG_WARN_DEPRECATED_OBJC_IMPLEMENTATIONS = YES;
				CLANG_WARN_DIRECT_OBJC_ISA_USAGE = YES_ERROR;
				CLANG_WARN_DOCUMENTATION_COMMENTS = YES;
				CLANG_WARN_EMPTY_BODY = YES;
				CLANG_WARN_ENUM_CONVERSION = YES;
				CLANG_WARN_INFINITE_RECURSION = YES;
				CLANG_WARN_INT_CONVERSION = YES;
				CLANG_WARN_NON_LITERAL_NULL_CONVERSION = YES;
				CLANG_WARN_OBJC_IMPLICIT_RETAIN_SELF = YES;
				CLANG_WARN_OBJC_LITERAL_CONVERSION = YES;
				CLANG_WARN_OBJC_ROOT_CLASS = YES_ERROR;
				CLANG_WARN_QUOTED_INCLUDE_IN_FRAMEWORK_HEADER = YES;
				CLANG_WARN_RANGE_LOOP_ANALYSIS = YES;
				CLANG_WARN_STRICT_PROTOTYPES = YES;
				CLANG_WARN_SUSPICIOUS_MOVE = YES;
				CLANG_WARN_UNGUARDED_AVAILABILITY = YES_AGGRESSIVE;
				CLANG_WARN_UNREACHABLE_CODE = YES;
				CLANG_WARN__DUPLICATE_METHOD_MATCH = YES;
				COPY_PHASE_STRIP = NO;
				DEBUG_INFORMATION_FORMAT = dwarf;
				ENABLE_STRICT_OBJC_MSGSEND = YES;
				ENABLE_TESTABILITY = YES;
				GCC_C_LANGUAGE_STANDARD = gnu11;
				GCC_DYNAMIC_NO_PIC = NO;
				GCC_NO_COMMON_BLOCKS = YES;
				GCC_OPTIMIZATION_LEVEL = 0;
				GCC_PREPROCESSOR_DEFINITIONS = (
					"DEBUG=1",
					"$(inherited)",
				);
				GCC_WARN_64_TO_32_BIT_CONVERSION = YES;
				GCC_WARN_ABOUT_RETURN_TYPE = YES_ERROR;
				GCC_WARN_UNDECLARED_SELECTOR = YES;
				GCC_WARN_UNINITIALIZED_AUTOS = YES_AGGRESSIVE;
				GCC_WARN_UNUSED_FUNCTION = YES;
				GCC_WARN_UNUSED_VARIABLE = YES;
				IPHONEOS_DEPLOYMENT_TARGET = 14.5;
				MTL_ENABLE_DEBUG_INFO = INCLUDE_SOURCE;
				MTL_FAST_MATH = YES;
				ONLY_ACTIVE_ARCH = YES;
				SDKROOT = iphoneos;
				SWIFT_ACTIVE_COMPILATION_CONDITIONS = DEBUG;
				SWIFT_OPTIMIZATION_LEVEL = "-Onone";
			};
			name = Debug;
		};
		1DF1FD2626B22ED00003AF16 /* Release */ = {
			isa = XCBuildConfiguration;
			buildSettings = {
				ALWAYS_SEARCH_USER_PATHS = NO;
				CLANG_ANALYZER_NONNULL = YES;
				CLANG_ANALYZER_NUMBER_OBJECT_CONVERSION = YES_AGGRESSIVE;
				CLANG_CXX_LANGUAGE_STANDARD = "gnu++14";
				CLANG_CXX_LIBRARY = "libc++";
				CLANG_ENABLE_MODULES = YES;
				CLANG_ENABLE_OBJC_ARC = YES;
				CLANG_ENABLE_OBJC_WEAK = YES;
				CLANG_WARN_BLOCK_CAPTURE_AUTORELEASING = YES;
				CLANG_WARN_BOOL_CONVERSION = YES;
				CLANG_WARN_COMMA = YES;
				CLANG_WARN_CONSTANT_CONVERSION = YES;
				CLANG_WARN_DEPRECATED_OBJC_IMPLEMENTATIONS = YES;
				CLANG_WARN_DIRECT_OBJC_ISA_USAGE = YES_ERROR;
				CLANG_WARN_DOCUMENTATION_COMMENTS = YES;
				CLANG_WARN_EMPTY_BODY = YES;
				CLANG_WARN_ENUM_CONVERSION = YES;
				CLANG_WARN_INFINITE_RECURSION = YES;
				CLANG_WARN_INT_CONVERSION = YES;
				CLANG_WARN_NON_LITERAL_NULL_CONVERSION = YES;
				CLANG_WARN_OBJC_IMPLICIT_RETAIN_SELF = YES;
				CLANG_WARN_OBJC_LITERAL_CONVERSION = YES;
				CLANG_WARN_OBJC_ROOT_CLASS = YES_ERROR;
				CLANG_WARN_QUOTED_INCLUDE_IN_FRAMEWORK_HEADER = YES;
				CLANG_WARN_RANGE_LOOP_ANALYSIS = YES;
				CLANG_WARN_STRICT_PROTOTYPES = YES;
				CLANG_WARN_SUSPICIOUS_MOVE = YES;
				CLANG_WARN_UNGUARDED_AVAILABILITY = YES_AGGRESSIVE;
				CLANG_WARN_UNREACHABLE_CODE = YES;
				CLANG_WARN__DUPLICATE_METHOD_MATCH = YES;
				COPY_PHASE_STRIP = NO;
				DEBUG_INFORMATION_FORMAT = "dwarf-with-dsym";
				ENABLE_NS_ASSERTIONS = NO;
				ENABLE_STRICT_OBJC_MSGSEND = YES;
				GCC_C_LANGUAGE_STANDARD = gnu11;
				GCC_NO_COMMON_BLOCKS = YES;
				GCC_WARN_64_TO_32_BIT_CONVERSION = YES;
				GCC_WARN_ABOUT_RETURN_TYPE = YES_ERROR;
				GCC_WARN_UNDECLARED_SELECTOR = YES;
				GCC_WARN_UNINITIALIZED_AUTOS = YES_AGGRESSIVE;
				GCC_WARN_UNUSED_FUNCTION = YES;
				GCC_WARN_UNUSED_VARIABLE = YES;
				IPHONEOS_DEPLOYMENT_TARGET = 14.5;
				MTL_ENABLE_DEBUG_INFO = NO;
				MTL_FAST_MATH = YES;
				SDKROOT = iphoneos;
				SWIFT_COMPILATION_MODE = wholemodule;
				SWIFT_OPTIMIZATION_LEVEL = "-O";
				VALIDATE_PRODUCT = YES;
			};
			name = Release;
		};
		1DF1FD2826B22ED00003AF16 /* Debug */ = {
			isa = XCBuildConfiguration;
			buildSettings = {
				ASSETCATALOG_COMPILER_APPICON_NAME = AppIcon;
				ASSETCATALOG_COMPILER_GLOBAL_ACCENT_COLOR_NAME = AccentColor;
				CODE_SIGN_STYLE = Automatic;
				DEVELOPMENT_TEAM = 533B3D79JJ;
				INFOPLIST_FILE = moviedemo/Info.plist;
				IPHONEOS_DEPLOYMENT_TARGET = 14.4;
				LD_RUNPATH_SEARCH_PATHS = (
					"$(inherited)",
					"@executable_path/Frameworks",
				);
				PRODUCT_BUNDLE_IDENTIFIER = com.itenutosoft.moviedemo;
				PRODUCT_NAME = "$(TARGET_NAME)";
				SWIFT_VERSION = 5.0;
				TARGETED_DEVICE_FAMILY = "1,2";
			};
			name = Debug;
		};
		1DF1FD2926B22ED00003AF16 /* Release */ = {
			isa = XCBuildConfiguration;
			buildSettings = {
				ASSETCATALOG_COMPILER_APPICON_NAME = AppIcon;
				ASSETCATALOG_COMPILER_GLOBAL_ACCENT_COLOR_NAME = AccentColor;
				CODE_SIGN_STYLE = Automatic;
				DEVELOPMENT_TEAM = 533B3D79JJ;
				INFOPLIST_FILE = moviedemo/Info.plist;
				IPHONEOS_DEPLOYMENT_TARGET = 14.4;
				LD_RUNPATH_SEARCH_PATHS = (
					"$(inherited)",
					"@executable_path/Frameworks",
				);
				PRODUCT_BUNDLE_IDENTIFIER = com.itenutosoft.moviedemo;
				PRODUCT_NAME = "$(TARGET_NAME)";
				SWIFT_VERSION = 5.0;
				TARGETED_DEVICE_FAMILY = "1,2";
			};
			name = Release;
		};
/* End XCBuildConfiguration section */

/* Begin XCConfigurationList section */
		1DF1FD0E26B22ECF0003AF16 /* Build configuration list for PBXProject "moviedemo" */ = {
			isa = XCConfigurationList;
			buildConfigurations = (
				1DF1FD2526B22ED00003AF16 /* Debug */,
				1DF1FD2626B22ED00003AF16 /* Release */,
			);
			defaultConfigurationIsVisible = 0;
			defaultConfigurationName = Release;
		};
		1DF1FD2726B22ED00003AF16 /* Build configuration list for PBXNativeTarget "moviedemo" */ = {
			isa = XCConfigurationList;
			buildConfigurations = (
				1DF1FD2826B22ED00003AF16 /* Debug */,
				1DF1FD2926B22ED00003AF16 /* Release */,
			);
			defaultConfigurationIsVisible = 0;
			defaultConfigurationName = Release;
		};
/* End XCConfigurationList section */
	};
	rootObject = 1DF1FD0B26B22ECF0003AF16 /* Project object */;
}
